// !$*UTF8*$!
{
	archiveVersion = 1;
	classes = {
	};
	objectVersion = 56;
	objects = {

/* Begin PBXBuildFile section */
		634D63992BC305A200238A2B /* SplashView.swift in Sources */ = {isa = PBXBuildFile; fileRef = 634D63982BC305A200238A2B /* SplashView.swift */; };
		634D639C2BC3147200238A2B /* Image.swift in Sources */ = {isa = PBXBuildFile; fileRef = 634D639B2BC3147200238A2B /* Image.swift */; };
		634D639E2BC31D7D00238A2B /* OnboardingContent.swift in Sources */ = {isa = PBXBuildFile; fileRef = 634D639D2BC31D7D00238A2B /* OnboardingContent.swift */; };
		634D63A22BC323AF00238A2B /* OnboardingView.swift in Sources */ = {isa = PBXBuildFile; fileRef = 634D63A12BC323AF00238A2B /* OnboardingView.swift */; };
		634D63A52BC3263E00238A2B /* OnboardingModel.swift in Sources */ = {isa = PBXBuildFile; fileRef = 634D63A42BC3263E00238A2B /* OnboardingModel.swift */; };
		6360923B2BC2F9FA0073C481 /* CraftyApp.swift in Sources */ = {isa = PBXBuildFile; fileRef = 6360923A2BC2F9FA0073C481 /* CraftyApp.swift */; };
		6360923D2BC2F9FA0073C481 /* ContentView.swift in Sources */ = {isa = PBXBuildFile; fileRef = 6360923C2BC2F9FA0073C481 /* ContentView.swift */; };
		6360923F2BC2F9FC0073C481 /* Assets.xcassets in Resources */ = {isa = PBXBuildFile; fileRef = 6360923E2BC2F9FC0073C481 /* Assets.xcassets */; };
		636092422BC2F9FC0073C481 /* Preview Assets.xcassets in Resources */ = {isa = PBXBuildFile; fileRef = 636092412BC2F9FC0073C481 /* Preview Assets.xcassets */; };
		6360924C2BC2F9FC0073C481 /* CraftyTests.swift in Sources */ = {isa = PBXBuildFile; fileRef = 6360924B2BC2F9FC0073C481 /* CraftyTests.swift */; };
		636092562BC2F9FD0073C481 /* CraftyUITests.swift in Sources */ = {isa = PBXBuildFile; fileRef = 636092552BC2F9FD0073C481 /* CraftyUITests.swift */; };
		636092582BC2F9FD0073C481 /* CraftyUITestsLaunchTests.swift in Sources */ = {isa = PBXBuildFile; fileRef = 636092572BC2F9FD0073C481 /* CraftyUITestsLaunchTests.swift */; };
		63B468B92BC4AA1400E5CD76 /* CustomButton.swift in Sources */ = {isa = PBXBuildFile; fileRef = 63B468B82BC4AA1400E5CD76 /* CustomButton.swift */; };
		63B468BC2BC4EDAA00E5CD76 /* AppState.swift in Sources */ = {isa = PBXBuildFile; fileRef = 63B468BB2BC4EDAA00E5CD76 /* AppState.swift */; };
/* End PBXBuildFile section */

/* Begin PBXContainerItemProxy section */
		636092482BC2F9FC0073C481 /* PBXContainerItemProxy */ = {
			isa = PBXContainerItemProxy;
			containerPortal = 6360922F2BC2F9FA0073C481 /* Project object */;
			proxyType = 1;
			remoteGlobalIDString = 636092362BC2F9FA0073C481;
			remoteInfo = Crafty;
		};
		636092522BC2F9FC0073C481 /* PBXContainerItemProxy */ = {
			isa = PBXContainerItemProxy;
			containerPortal = 6360922F2BC2F9FA0073C481 /* Project object */;
			proxyType = 1;
			remoteGlobalIDString = 636092362BC2F9FA0073C481;
			remoteInfo = Crafty;
		};
/* End PBXContainerItemProxy section */

/* Begin PBXFileReference section */
		634D63982BC305A200238A2B /* SplashView.swift */ = {isa = PBXFileReference; lastKnownFileType = sourcecode.swift; path = SplashView.swift; sourceTree = "<group>"; };
		634D639B2BC3147200238A2B /* Image.swift */ = {isa = PBXFileReference; lastKnownFileType = sourcecode.swift; path = Image.swift; sourceTree = "<group>"; };
		634D639D2BC31D7D00238A2B /* OnboardingContent.swift */ = {isa = PBXFileReference; lastKnownFileType = sourcecode.swift; path = OnboardingContent.swift; sourceTree = "<group>"; };
		634D63A12BC323AF00238A2B /* OnboardingView.swift */ = {isa = PBXFileReference; lastKnownFileType = sourcecode.swift; path = OnboardingView.swift; sourceTree = "<group>"; };
		634D63A42BC3263E00238A2B /* OnboardingModel.swift */ = {isa = PBXFileReference; lastKnownFileType = sourcecode.swift; path = OnboardingModel.swift; sourceTree = "<group>"; };
		636092372BC2F9FA0073C481 /* Crafty.app */ = {isa = PBXFileReference; explicitFileType = wrapper.application; includeInIndex = 0; path = Crafty.app; sourceTree = BUILT_PRODUCTS_DIR; };
		6360923A2BC2F9FA0073C481 /* CraftyApp.swift */ = {isa = PBXFileReference; lastKnownFileType = sourcecode.swift; path = CraftyApp.swift; sourceTree = "<group>"; };
		6360923C2BC2F9FA0073C481 /* ContentView.swift */ = {isa = PBXFileReference; lastKnownFileType = sourcecode.swift; path = ContentView.swift; sourceTree = "<group>"; };
		6360923E2BC2F9FC0073C481 /* Assets.xcassets */ = {isa = PBXFileReference; lastKnownFileType = folder.assetcatalog; path = Assets.xcassets; sourceTree = "<group>"; };
		636092412BC2F9FC0073C481 /* Preview Assets.xcassets */ = {isa = PBXFileReference; lastKnownFileType = folder.assetcatalog; path = "Preview Assets.xcassets"; sourceTree = "<group>"; };
		636092472BC2F9FC0073C481 /* CraftyTests.xctest */ = {isa = PBXFileReference; explicitFileType = wrapper.cfbundle; includeInIndex = 0; path = CraftyTests.xctest; sourceTree = BUILT_PRODUCTS_DIR; };
		6360924B2BC2F9FC0073C481 /* CraftyTests.swift */ = {isa = PBXFileReference; lastKnownFileType = sourcecode.swift; path = CraftyTests.swift; sourceTree = "<group>"; };
		636092512BC2F9FC0073C481 /* CraftyUITests.xctest */ = {isa = PBXFileReference; explicitFileType = wrapper.cfbundle; includeInIndex = 0; path = CraftyUITests.xctest; sourceTree = BUILT_PRODUCTS_DIR; };
		636092552BC2F9FD0073C481 /* CraftyUITests.swift */ = {isa = PBXFileReference; lastKnownFileType = sourcecode.swift; path = CraftyUITests.swift; sourceTree = "<group>"; };
		636092572BC2F9FD0073C481 /* CraftyUITestsLaunchTests.swift */ = {isa = PBXFileReference; lastKnownFileType = sourcecode.swift; path = CraftyUITestsLaunchTests.swift; sourceTree = "<group>"; };
		63B468B82BC4AA1400E5CD76 /* CustomButton.swift */ = {isa = PBXFileReference; lastKnownFileType = sourcecode.swift; path = CustomButton.swift; sourceTree = "<group>"; };
		63B468BB2BC4EDAA00E5CD76 /* AppState.swift */ = {isa = PBXFileReference; lastKnownFileType = sourcecode.swift; path = AppState.swift; sourceTree = "<group>"; };
/* End PBXFileReference section */

/* Begin PBXFrameworksBuildPhase section */
		636092342BC2F9FA0073C481 /* Frameworks */ = {
			isa = PBXFrameworksBuildPhase;
			buildActionMask = 2147483647;
			files = (
			);
			runOnlyForDeploymentPostprocessing = 0;
		};
		636092442BC2F9FC0073C481 /* Frameworks */ = {
			isa = PBXFrameworksBuildPhase;
			buildActionMask = 2147483647;
			files = (
			);
			runOnlyForDeploymentPostprocessing = 0;
		};
		6360924E2BC2F9FC0073C481 /* Frameworks */ = {
			isa = PBXFrameworksBuildPhase;
			buildActionMask = 2147483647;
			files = (
			);
			runOnlyForDeploymentPostprocessing = 0;
		};
/* End PBXFrameworksBuildPhase section */

/* Begin PBXGroup section */
		634D638D2BC302B700238A2B /* Resources */ = {
			isa = PBXGroup;
			children = (
				636092402BC2F9FC0073C481 /* Preview Content */,
				634D63952BC3031900238A2B /* Localization */,
				6360923E2BC2F9FC0073C481 /* Assets.xcassets */,
			);
			path = Resources;
			sourceTree = "<group>";
		};
		634D638F2BC302D200238A2B /* ViewControllers */ = {
			isa = PBXGroup;
			children = (
			);
			path = ViewControllers;
			sourceTree = "<group>";
		};
		634D63902BC302DE00238A2B /* Views */ = {
			isa = PBXGroup;
			children = (
				634D63A02BC31E0E00238A2B /* OnboardingView */,
				634D639F2BC31DE600238A2B /* SplashView */,
			);
			path = Views;
			sourceTree = "<group>";
		};
		634D63912BC302E600238A2B /* Models */ = {
			isa = PBXGroup;
			children = (
			);
			path = Models;
			sourceTree = "<group>";
		};
		634D63922BC302F200238A2B /* ViewModels */ = {
			isa = PBXGroup;
			children = (
				634D63A32BC3262800238A2B /* OnboardingModel */,
			);
			path = ViewModels;
			sourceTree = "<group>";
		};
		634D63932BC302FD00238A2B /* Services */ = {
			isa = PBXGroup;
			children = (
			);
			path = Services;
			sourceTree = "<group>";
		};
		634D63942BC3030800238A2B /* Utilities */ = {
			isa = PBXGroup;
			children = (
			);
			path = Utilities;
			sourceTree = "<group>";
		};
		634D63952BC3031900238A2B /* Localization */ = {
			isa = PBXGroup;
			children = (
			);
			path = Localization;
			sourceTree = "<group>";
		};
		634D63962BC3035E00238A2B /* Tests */ = {
			isa = PBXGroup;
			children = (
				6360924A2BC2F9FC0073C481 /* CraftyTests */,
				636092542BC2F9FD0073C481 /* CraftyUITests */,
			);
			path = Tests;
			sourceTree = "<group>";
		};
		634D63972BC3037200238A2B /* Sources */ = {
			isa = PBXGroup;
			children = (
				63B468BA2BC4ED9600E5CD76 /* Helper */,
				63B468B72BC4A9E700E5CD76 /* Components */,
				634D639A2BC3144600238A2B /* Extensions */,
				634D63932BC302FD00238A2B /* Services */,
				634D63922BC302F200238A2B /* ViewModels */,
				634D63912BC302E600238A2B /* Models */,
				634D63902BC302DE00238A2B /* Views */,
				634D638F2BC302D200238A2B /* ViewControllers */,
				634D63942BC3030800238A2B /* Utilities */,
			);
			path = Sources;
			sourceTree = "<group>";
		};
		634D639A2BC3144600238A2B /* Extensions */ = {
			isa = PBXGroup;
			children = (
				634D639B2BC3147200238A2B /* Image.swift */,
			);
			path = Extensions;
			sourceTree = "<group>";
		};
		634D639F2BC31DE600238A2B /* SplashView */ = {
			isa = PBXGroup;
			children = (
				634D63982BC305A200238A2B /* SplashView.swift */,
			);
			path = SplashView;
			sourceTree = "<group>";
		};
		634D63A02BC31E0E00238A2B /* OnboardingView */ = {
			isa = PBXGroup;
			children = (
				634D639D2BC31D7D00238A2B /* OnboardingContent.swift */,
				634D63A12BC323AF00238A2B /* OnboardingView.swift */,
			);
			path = OnboardingView;
			sourceTree = "<group>";
		};
		634D63A32BC3262800238A2B /* OnboardingModel */ = {
			isa = PBXGroup;
			children = (
				634D63A42BC3263E00238A2B /* OnboardingModel.swift */,
			);
			path = OnboardingModel;
			sourceTree = "<group>";
		};
		6360922E2BC2F9FA0073C481 = {
			isa = PBXGroup;
			children = (
				636092392BC2F9FA0073C481 /* Crafty */,
				636092382BC2F9FA0073C481 /* Products */,
			);
			sourceTree = "<group>";
		};
		636092382BC2F9FA0073C481 /* Products */ = {
			isa = PBXGroup;
			children = (
				636092372BC2F9FA0073C481 /* Crafty.app */,
				636092472BC2F9FC0073C481 /* CraftyTests.xctest */,
				636092512BC2F9FC0073C481 /* CraftyUITests.xctest */,
			);
			name = Products;
			sourceTree = "<group>";
		};
		636092392BC2F9FA0073C481 /* Crafty */ = {
			isa = PBXGroup;
			children = (
				634D63972BC3037200238A2B /* Sources */,
				634D63962BC3035E00238A2B /* Tests */,
				634D638D2BC302B700238A2B /* Resources */,
				6360923A2BC2F9FA0073C481 /* CraftyApp.swift */,
				6360923C2BC2F9FA0073C481 /* ContentView.swift */,
			);
			path = Crafty;
			sourceTree = "<group>";
		};
		636092402BC2F9FC0073C481 /* Preview Content */ = {
			isa = PBXGroup;
			children = (
				636092412BC2F9FC0073C481 /* Preview Assets.xcassets */,
			);
			path = "Preview Content";
			sourceTree = "<group>";
		};
		6360924A2BC2F9FC0073C481 /* CraftyTests */ = {
			isa = PBXGroup;
			children = (
				6360924B2BC2F9FC0073C481 /* CraftyTests.swift */,
			);
			path = CraftyTests;
			sourceTree = "<group>";
		};
		636092542BC2F9FD0073C481 /* CraftyUITests */ = {
			isa = PBXGroup;
			children = (
				636092552BC2F9FD0073C481 /* CraftyUITests.swift */,
				636092572BC2F9FD0073C481 /* CraftyUITestsLaunchTests.swift */,
			);
			path = CraftyUITests;
			sourceTree = "<group>";
		};
		63B468B72BC4A9E700E5CD76 /* Components */ = {
			isa = PBXGroup;
			children = (
				63B468B82BC4AA1400E5CD76 /* CustomButton.swift */,
			);
			path = Components;
			sourceTree = "<group>";
		};
		63B468BA2BC4ED9600E5CD76 /* Helper */ = {
			isa = PBXGroup;
			children = (
				63B468BB2BC4EDAA00E5CD76 /* AppState.swift */,
			);
			path = Helper;
			sourceTree = "<group>";
		};
/* End PBXGroup section */

/* Begin PBXNativeTarget section */
		636092362BC2F9FA0073C481 /* Crafty */ = {
			isa = PBXNativeTarget;
			buildConfigurationList = 6360925B2BC2F9FD0073C481 /* Build configuration list for PBXNativeTarget "Crafty" */;
			buildPhases = (
				636092332BC2F9FA0073C481 /* Sources */,
				636092342BC2F9FA0073C481 /* Frameworks */,
				636092352BC2F9FA0073C481 /* Resources */,
			);
			buildRules = (
			);
			dependencies = (
			);
			name = Crafty;
			productName = Crafty;
			productReference = 636092372BC2F9FA0073C481 /* Crafty.app */;
			productType = "com.apple.product-type.application";
		};
		636092462BC2F9FC0073C481 /* CraftyTests */ = {
			isa = PBXNativeTarget;
			buildConfigurationList = 6360925E2BC2F9FD0073C481 /* Build configuration list for PBXNativeTarget "CraftyTests" */;
			buildPhases = (
				636092432BC2F9FC0073C481 /* Sources */,
				636092442BC2F9FC0073C481 /* Frameworks */,
				636092452BC2F9FC0073C481 /* Resources */,
			);
			buildRules = (
			);
			dependencies = (
				636092492BC2F9FC0073C481 /* PBXTargetDependency */,
			);
			name = CraftyTests;
			productName = CraftyTests;
			productReference = 636092472BC2F9FC0073C481 /* CraftyTests.xctest */;
			productType = "com.apple.product-type.bundle.unit-test";
		};
		636092502BC2F9FC0073C481 /* CraftyUITests */ = {
			isa = PBXNativeTarget;
			buildConfigurationList = 636092612BC2F9FD0073C481 /* Build configuration list for PBXNativeTarget "CraftyUITests" */;
			buildPhases = (
				6360924D2BC2F9FC0073C481 /* Sources */,
				6360924E2BC2F9FC0073C481 /* Frameworks */,
				6360924F2BC2F9FC0073C481 /* Resources */,
			);
			buildRules = (
			);
			dependencies = (
				636092532BC2F9FC0073C481 /* PBXTargetDependency */,
			);
			name = CraftyUITests;
			productName = CraftyUITests;
			productReference = 636092512BC2F9FC0073C481 /* CraftyUITests.xctest */;
			productType = "com.apple.product-type.bundle.ui-testing";
		};
/* End PBXNativeTarget section */

/* Begin PBXProject section */
		6360922F2BC2F9FA0073C481 /* Project object */ = {
			isa = PBXProject;
			attributes = {
				BuildIndependentTargetsInParallel = 1;
				LastSwiftUpdateCheck = 1530;
				LastUpgradeCheck = 1530;
				TargetAttributes = {
					636092362BC2F9FA0073C481 = {
						CreatedOnToolsVersion = 15.3;
					};
					636092462BC2F9FC0073C481 = {
						CreatedOnToolsVersion = 15.3;
						TestTargetID = 636092362BC2F9FA0073C481;
					};
					636092502BC2F9FC0073C481 = {
						CreatedOnToolsVersion = 15.3;
						TestTargetID = 636092362BC2F9FA0073C481;
					};
				};
			};
			buildConfigurationList = 636092322BC2F9FA0073C481 /* Build configuration list for PBXProject "Crafty" */;
			compatibilityVersion = "Xcode 14.0";
			developmentRegion = en;
			hasScannedForEncodings = 0;
			knownRegions = (
				en,
				Base,
			);
			mainGroup = 6360922E2BC2F9FA0073C481;
			productRefGroup = 636092382BC2F9FA0073C481 /* Products */;
			projectDirPath = "";
			projectRoot = "";
			targets = (
				636092362BC2F9FA0073C481 /* Crafty */,
				636092462BC2F9FC0073C481 /* CraftyTests */,
				636092502BC2F9FC0073C481 /* CraftyUITests */,
			);
		};
/* End PBXProject section */

/* Begin PBXResourcesBuildPhase section */
		636092352BC2F9FA0073C481 /* Resources */ = {
			isa = PBXResourcesBuildPhase;
			buildActionMask = 2147483647;
			files = (
				636092422BC2F9FC0073C481 /* Preview Assets.xcassets in Resources */,
				6360923F2BC2F9FC0073C481 /* Assets.xcassets in Resources */,
			);
			runOnlyForDeploymentPostprocessing = 0;
		};
		636092452BC2F9FC0073C481 /* Resources */ = {
			isa = PBXResourcesBuildPhase;
			buildActionMask = 2147483647;
			files = (
			);
			runOnlyForDeploymentPostprocessing = 0;
		};
		6360924F2BC2F9FC0073C481 /* Resources */ = {
			isa = PBXResourcesBuildPhase;
			buildActionMask = 2147483647;
			files = (
			);
			runOnlyForDeploymentPostprocessing = 0;
		};
/* End PBXResourcesBuildPhase section */

/* Begin PBXSourcesBuildPhase section */
		636092332BC2F9FA0073C481 /* Sources */ = {
			isa = PBXSourcesBuildPhase;
			buildActionMask = 2147483647;
			files = (
				634D63992BC305A200238A2B /* SplashView.swift in Sources */,
				634D639C2BC3147200238A2B /* Image.swift in Sources */,
				6360923D2BC2F9FA0073C481 /* ContentView.swift in Sources */,
				63B468BC2BC4EDAA00E5CD76 /* AppState.swift in Sources */,
				634D63A22BC323AF00238A2B /* OnboardingView.swift in Sources */,
				63B468B92BC4AA1400E5CD76 /* CustomButton.swift in Sources */,
				634D63A52BC3263E00238A2B /* OnboardingModel.swift in Sources */,
				634D639E2BC31D7D00238A2B /* OnboardingContent.swift in Sources */,
				6360923B2BC2F9FA0073C481 /* CraftyApp.swift in Sources */,
			);
			runOnlyForDeploymentPostprocessing = 0;
		};
		636092432BC2F9FC0073C481 /* Sources */ = {
			isa = PBXSourcesBuildPhase;
			buildActionMask = 2147483647;
			files = (
				6360924C2BC2F9FC0073C481 /* CraftyTests.swift in Sources */,
			);
			runOnlyForDeploymentPostprocessing = 0;
		};
		6360924D2BC2F9FC0073C481 /* Sources */ = {
			isa = PBXSourcesBuildPhase;
			buildActionMask = 2147483647;
			files = (
				636092562BC2F9FD0073C481 /* CraftyUITests.swift in Sources */,
				636092582BC2F9FD0073C481 /* CraftyUITestsLaunchTests.swift in Sources */,
			);
			runOnlyForDeploymentPostprocessing = 0;
		};
/* End PBXSourcesBuildPhase section */

/* Begin PBXTargetDependency section */
		636092492BC2F9FC0073C481 /* PBXTargetDependency */ = {
			isa = PBXTargetDependency;
			target = 636092362BC2F9FA0073C481 /* Crafty */;
			targetProxy = 636092482BC2F9FC0073C481 /* PBXContainerItemProxy */;
		};
		636092532BC2F9FC0073C481 /* PBXTargetDependency */ = {
			isa = PBXTargetDependency;
			target = 636092362BC2F9FA0073C481 /* Crafty */;
			targetProxy = 636092522BC2F9FC0073C481 /* PBXContainerItemProxy */;
		};
/* End PBXTargetDependency section */

/* Begin XCBuildConfiguration section */
		636092592BC2F9FD0073C481 /* Debug */ = {
			isa = XCBuildConfiguration;
			buildSettings = {
				ALWAYS_SEARCH_USER_PATHS = NO;
				ASSETCATALOG_COMPILER_GENERATE_SWIFT_ASSET_SYMBOL_EXTENSIONS = YES;
				CLANG_ANALYZER_NONNULL = YES;
				CLANG_ANALYZER_NUMBER_OBJECT_CONVERSION = YES_AGGRESSIVE;
				CLANG_CXX_LANGUAGE_STANDARD = "gnu++20";
				CLANG_ENABLE_MODULES = YES;
				CLANG_ENABLE_OBJC_ARC = YES;
				CLANG_ENABLE_OBJC_WEAK = YES;
				CLANG_WARN_BLOCK_CAPTURE_AUTORELEASING = YES;
				CLANG_WARN_BOOL_CONVERSION = YES;
				CLANG_WARN_COMMA = YES;
				CLANG_WARN_CONSTANT_CONVERSION = YES;
				CLANG_WARN_DEPRECATED_OBJC_IMPLEMENTATIONS = YES;
				CLANG_WARN_DIRECT_OBJC_ISA_USAGE = YES_ERROR;
				CLANG_WARN_DOCUMENTATION_COMMENTS = YES;
				CLANG_WARN_EMPTY_BODY = YES;
				CLANG_WARN_ENUM_CONVERSION = YES;
				CLANG_WARN_INFINITE_RECURSION = YES;
				CLANG_WARN_INT_CONVERSION = YES;
				CLANG_WARN_NON_LITERAL_NULL_CONVERSION = YES;
				CLANG_WARN_OBJC_IMPLICIT_RETAIN_SELF = YES;
				CLANG_WARN_OBJC_LITERAL_CONVERSION = YES;
				CLANG_WARN_OBJC_ROOT_CLASS = YES_ERROR;
				CLANG_WARN_QUOTED_INCLUDE_IN_FRAMEWORK_HEADER = YES;
				CLANG_WARN_RANGE_LOOP_ANALYSIS = YES;
				CLANG_WARN_STRICT_PROTOTYPES = YES;
				CLANG_WARN_SUSPICIOUS_MOVE = YES;
				CLANG_WARN_UNGUARDED_AVAILABILITY = YES_AGGRESSIVE;
				CLANG_WARN_UNREACHABLE_CODE = YES;
				CLANG_WARN__DUPLICATE_METHOD_MATCH = YES;
				COPY_PHASE_STRIP = NO;
				DEBUG_INFORMATION_FORMAT = dwarf;
				ENABLE_STRICT_OBJC_MSGSEND = YES;
				ENABLE_TESTABILITY = YES;
				ENABLE_USER_SCRIPT_SANDBOXING = YES;
				GCC_C_LANGUAGE_STANDARD = gnu17;
				GCC_DYNAMIC_NO_PIC = NO;
				GCC_NO_COMMON_BLOCKS = YES;
				GCC_OPTIMIZATION_LEVEL = 0;
				GCC_PREPROCESSOR_DEFINITIONS = (
					"DEBUG=1",
					"$(inherited)",
				);
				GCC_WARN_64_TO_32_BIT_CONVERSION = YES;
				GCC_WARN_ABOUT_RETURN_TYPE = YES_ERROR;
				GCC_WARN_UNDECLARED_SELECTOR = YES;
				GCC_WARN_UNINITIALIZED_AUTOS = YES_AGGRESSIVE;
				GCC_WARN_UNUSED_FUNCTION = YES;
				GCC_WARN_UNUSED_VARIABLE = YES;
				IPHONEOS_DEPLOYMENT_TARGET = 17.4;
				LOCALIZATION_PREFERS_STRING_CATALOGS = YES;
				MTL_ENABLE_DEBUG_INFO = INCLUDE_SOURCE;
				MTL_FAST_MATH = YES;
				ONLY_ACTIVE_ARCH = YES;
				SDKROOT = iphoneos;
				SWIFT_ACTIVE_COMPILATION_CONDITIONS = "DEBUG $(inherited)";
				SWIFT_OPTIMIZATION_LEVEL = "-Onone";
			};
			name = Debug;
		};
		6360925A2BC2F9FD0073C481 /* Release */ = {
			isa = XCBuildConfiguration;
			buildSettings = {
				ALWAYS_SEARCH_USER_PATHS = NO;
				ASSETCATALOG_COMPILER_GENERATE_SWIFT_ASSET_SYMBOL_EXTENSIONS = YES;
				CLANG_ANALYZER_NONNULL = YES;
				CLANG_ANALYZER_NUMBER_OBJECT_CONVERSION = YES_AGGRESSIVE;
				CLANG_CXX_LANGUAGE_STANDARD = "gnu++20";
				CLANG_ENABLE_MODULES = YES;
				CLANG_ENABLE_OBJC_ARC = YES;
				CLANG_ENABLE_OBJC_WEAK = YES;
				CLANG_WARN_BLOCK_CAPTURE_AUTORELEASING = YES;
				CLANG_WARN_BOOL_CONVERSION = YES;
				CLANG_WARN_COMMA = YES;
				CLANG_WARN_CONSTANT_CONVERSION = YES;
				CLANG_WARN_DEPRECATED_OBJC_IMPLEMENTATIONS = YES;
				CLANG_WARN_DIRECT_OBJC_ISA_USAGE = YES_ERROR;
				CLANG_WARN_DOCUMENTATION_COMMENTS = YES;
				CLANG_WARN_EMPTY_BODY = YES;
				CLANG_WARN_ENUM_CONVERSION = YES;
				CLANG_WARN_INFINITE_RECURSION = YES;
				CLANG_WARN_INT_CONVERSION = YES;
				CLANG_WARN_NON_LITERAL_NULL_CONVERSION = YES;
				CLANG_WARN_OBJC_IMPLICIT_RETAIN_SELF = YES;
				CLANG_WARN_OBJC_LITERAL_CONVERSION = YES;
				CLANG_WARN_OBJC_ROOT_CLASS = YES_ERROR;
				CLANG_WARN_QUOTED_INCLUDE_IN_FRAMEWORK_HEADER = YES;
				CLANG_WARN_RANGE_LOOP_ANALYSIS = YES;
				CLANG_WARN_STRICT_PROTOTYPES = YES;
				CLANG_WARN_SUSPICIOUS_MOVE = YES;
				CLANG_WARN_UNGUARDED_AVAILABILITY = YES_AGGRESSIVE;
				CLANG_WARN_UNREACHABLE_CODE = YES;
				CLANG_WARN__DUPLICATE_METHOD_MATCH = YES;
				COPY_PHASE_STRIP = NO;
				DEBUG_INFORMATION_FORMAT = "dwarf-with-dsym";
				ENABLE_NS_ASSERTIONS = NO;
				ENABLE_STRICT_OBJC_MSGSEND = YES;
				ENABLE_USER_SCRIPT_SANDBOXING = YES;
				GCC_C_LANGUAGE_STANDARD = gnu17;
				GCC_NO_COMMON_BLOCKS = YES;
				GCC_WARN_64_TO_32_BIT_CONVERSION = YES;
				GCC_WARN_ABOUT_RETURN_TYPE = YES_ERROR;
				GCC_WARN_UNDECLARED_SELECTOR = YES;
				GCC_WARN_UNINITIALIZED_AUTOS = YES_AGGRESSIVE;
				GCC_WARN_UNUSED_FUNCTION = YES;
				GCC_WARN_UNUSED_VARIABLE = YES;
				IPHONEOS_DEPLOYMENT_TARGET = 17.4;
				LOCALIZATION_PREFERS_STRING_CATALOGS = YES;
				MTL_ENABLE_DEBUG_INFO = NO;
				MTL_FAST_MATH = YES;
				SDKROOT = iphoneos;
				SWIFT_COMPILATION_MODE = wholemodule;
				VALIDATE_PRODUCT = YES;
			};
			name = Release;
		};
		6360925C2BC2F9FD0073C481 /* Debug */ = {
			isa = XCBuildConfiguration;
			buildSettings = {
				ASSETCATALOG_COMPILER_APPICON_NAME = AppIcon;
				ASSETCATALOG_COMPILER_GLOBAL_ACCENT_COLOR_NAME = AccentColor;
				CODE_SIGN_STYLE = Automatic;
				CURRENT_PROJECT_VERSION = 1;
				DEVELOPMENT_ASSET_PATHS = "\"Crafty/Resources/Preview Content\"";
				DEVELOPMENT_TEAM = A3B4349HTD;
				ENABLE_PREVIEWS = YES;
				GENERATE_INFOPLIST_FILE = YES;
				INFOPLIST_KEY_UIApplicationSceneManifest_Generation = YES;
				INFOPLIST_KEY_UIApplicationSupportsIndirectInputEvents = YES;
				INFOPLIST_KEY_UILaunchScreen_Generation = YES;
				INFOPLIST_KEY_UISupportedInterfaceOrientations_iPad = "UIInterfaceOrientationPortrait UIInterfaceOrientationPortraitUpsideDown UIInterfaceOrientationLandscapeLeft UIInterfaceOrientationLandscapeRight";
				INFOPLIST_KEY_UISupportedInterfaceOrientations_iPhone = "UIInterfaceOrientationPortrait UIInterfaceOrientationLandscapeLeft UIInterfaceOrientationLandscapeRight";
				LD_RUNPATH_SEARCH_PATHS = (
					"$(inherited)",
					"@executable_path/Frameworks",
				);
				MARKETING_VERSION = 1.0;
				PRODUCT_BUNDLE_IDENTIFIER = com.tanahara.Crafty;
				PRODUCT_NAME = "$(TARGET_NAME)";
				SWIFT_EMIT_LOC_STRINGS = YES;
				SWIFT_VERSION = 5.0;
				TARGETED_DEVICE_FAMILY = "1,2";
			};
			name = Debug;
		};
		6360925D2BC2F9FD0073C481 /* Release */ = {
			isa = XCBuildConfiguration;
			buildSettings = {
				ASSETCATALOG_COMPILER_APPICON_NAME = AppIcon;
				ASSETCATALOG_COMPILER_GLOBAL_ACCENT_COLOR_NAME = AccentColor;
				CODE_SIGN_STYLE = Automatic;
				CURRENT_PROJECT_VERSION = 1;
				DEVELOPMENT_ASSET_PATHS = "\"Crafty/Resources/Preview Content\"";
				DEVELOPMENT_TEAM = A3B4349HTD;
				ENABLE_PREVIEWS = YES;
				GENERATE_INFOPLIST_FILE = YES;
				INFOPLIST_KEY_UIApplicationSceneManifest_Generation = YES;
				INFOPLIST_KEY_UIApplicationSupportsIndirectInputEvents = YES;
				INFOPLIST_KEY_UILaunchScreen_Generation = YES;
				INFOPLIST_KEY_UISupportedInterfaceOrientations_iPad = "UIInterfaceOrientationPortrait UIInterfaceOrientationPortraitUpsideDown UIInterfaceOrientationLandscapeLeft UIInterfaceOrientationLandscapeRight";
				INFOPLIST_KEY_UISupportedInterfaceOrientations_iPhone = "UIInterfaceOrientationPortrait UIInterfaceOrientationLandscapeLeft UIInterfaceOrientationLandscapeRight";
				LD_RUNPATH_SEARCH_PATHS = (
					"$(inherited)",
					"@executable_path/Frameworks",
				);
				MARKETING_VERSION = 1.0;
				PRODUCT_BUNDLE_IDENTIFIER = com.tanahara.Crafty;
				PRODUCT_NAME = "$(TARGET_NAME)";
				SWIFT_EMIT_LOC_STRINGS = YES;
				SWIFT_VERSION = 5.0;
				TARGETED_DEVICE_FAMILY = "1,2";
			};
			name = Release;
		};
		6360925F2BC2F9FD0073C481 /* Debug */ = {
			isa = XCBuildConfiguration;
			buildSettings = {
				ALWAYS_EMBED_SWIFT_STANDARD_LIBRARIES = YES;
				BUNDLE_LOADER = "$(TEST_HOST)";
				CODE_SIGN_STYLE = Automatic;
				CURRENT_PROJECT_VERSION = 1;
				DEVELOPMENT_TEAM = A3B4349HTD;
				GENERATE_INFOPLIST_FILE = YES;
				IPHONEOS_DEPLOYMENT_TARGET = 17.4;
				MARKETING_VERSION = 1.0;
				PRODUCT_BUNDLE_IDENTIFIER = com.tanahara.CraftyTests;
				PRODUCT_NAME = "$(TARGET_NAME)";
				SWIFT_EMIT_LOC_STRINGS = NO;
				SWIFT_VERSION = 5.0;
				TARGETED_DEVICE_FAMILY = "1,2";
				TEST_HOST = "$(BUILT_PRODUCTS_DIR)/Crafty.app/$(BUNDLE_EXECUTABLE_FOLDER_PATH)/Crafty";
			};
			name = Debug;
		};
		636092602BC2F9FD0073C481 /* Release */ = {
			isa = XCBuildConfiguration;
			buildSettings = {
				ALWAYS_EMBED_SWIFT_STANDARD_LIBRARIES = YES;
				BUNDLE_LOADER = "$(TEST_HOST)";
				CODE_SIGN_STYLE = Automatic;
				CURRENT_PROJECT_VERSION = 1;
				DEVELOPMENT_TEAM = A3B4349HTD;
				GENERATE_INFOPLIST_FILE = YES;
				IPHONEOS_DEPLOYMENT_TARGET = 17.4;
				MARKETING_VERSION = 1.0;
				PRODUCT_BUNDLE_IDENTIFIER = com.tanahara.CraftyTests;
				PRODUCT_NAME = "$(TARGET_NAME)";
				SWIFT_EMIT_LOC_STRINGS = NO;
				SWIFT_VERSION = 5.0;
				TARGETED_DEVICE_FAMILY = "1,2";
				TEST_HOST = "$(BUILT_PRODUCTS_DIR)/Crafty.app/$(BUNDLE_EXECUTABLE_FOLDER_PATH)/Crafty";
			};
			name = Release;
		};
		636092622BC2F9FD0073C481 /* Debug */ = {
			isa = XCBuildConfiguration;
			buildSettings = {
				ALWAYS_EMBED_SWIFT_STANDARD_LIBRARIES = YES;
				CODE_SIGN_STYLE = Automatic;
				CURRENT_PROJECT_VERSION = 1;
				DEVELOPMENT_TEAM = A3B4349HTD;
				GENERATE_INFOPLIST_FILE = YES;
				MARKETING_VERSION = 1.0;
				PRODUCT_BUNDLE_IDENTIFIER = com.tanahara.CraftyUITests;
				PRODUCT_NAME = "$(TARGET_NAME)";
				SWIFT_EMIT_LOC_STRINGS = NO;
				SWIFT_VERSION = 5.0;
				TARGETED_DEVICE_FAMILY = "1,2";
				TEST_TARGET_NAME = Crafty;
			};
			name = Debug;
		};
		636092632BC2F9FD0073C481 /* Release */ = {
			isa = XCBuildConfiguration;
			buildSettings = {
				ALWAYS_EMBED_SWIFT_STANDARD_LIBRARIES = YES;
				CODE_SIGN_STYLE = Automatic;
				CURRENT_PROJECT_VERSION = 1;
				DEVELOPMENT_TEAM = A3B4349HTD;
				GENERATE_INFOPLIST_FILE = YES;
				MARKETING_VERSION = 1.0;
				PRODUCT_BUNDLE_IDENTIFIER = com.tanahara.CraftyUITests;
				PRODUCT_NAME = "$(TARGET_NAME)";
				SWIFT_EMIT_LOC_STRINGS = NO;
				SWIFT_VERSION = 5.0;
				TARGETED_DEVICE_FAMILY = "1,2";
				TEST_TARGET_NAME = Crafty;
			};
			name = Release;
		};
/* End XCBuildConfiguration section */

/* Begin XCConfigurationList section */
		636092322BC2F9FA0073C481 /* Build configuration list for PBXProject "Crafty" */ = {
			isa = XCConfigurationList;
			buildConfigurations = (
				636092592BC2F9FD0073C481 /* Debug */,
				6360925A2BC2F9FD0073C481 /* Release */,
			);
			defaultConfigurationIsVisible = 0;
			defaultConfigurationName = Release;
		};
		6360925B2BC2F9FD0073C481 /* Build configuration list for PBXNativeTarget "Crafty" */ = {
			isa = XCConfigurationList;
			buildConfigurations = (
				6360925C2BC2F9FD0073C481 /* Debug */,
				6360925D2BC2F9FD0073C481 /* Release */,
			);
			defaultConfigurationIsVisible = 0;
			defaultConfigurationName = Release;
		};
		6360925E2BC2F9FD0073C481 /* Build configuration list for PBXNativeTarget "CraftyTests" */ = {
			isa = XCConfigurationList;
			buildConfigurations = (
				6360925F2BC2F9FD0073C481 /* Debug */,
				636092602BC2F9FD0073C481 /* Release */,
			);
			defaultConfigurationIsVisible = 0;
			defaultConfigurationName = Release;
		};
		636092612BC2F9FD0073C481 /* Build configuration list for PBXNativeTarget "CraftyUITests" */ = {
			isa = XCConfigurationList;
			buildConfigurations = (
				636092622BC2F9FD0073C481 /* Debug */,
				636092632BC2F9FD0073C481 /* Release */,
			);
			defaultConfigurationIsVisible = 0;
			defaultConfigurationName = Release;
		};
/* End XCConfigurationList section */
	};
	rootObject = 6360922F2BC2F9FA0073C481 /* Project object */;
}
